
Microsoft Visual Studio Solution File, Format Version 12.00
# Visual Studio Version 17
VisualStudioVersion = 17.4.33213.308
MinimumVisualStudioVersion = 10.0.40219.1
Project("{FAE04EC0-301F-11D3-BF4B-00C04F79EFBC}") = "DZ_1", "DZ_1\DZ_1.csproj", "{BFDA9EBA-13FB-4053-A02D-54EDF40D338E}"
EndProject
Project("{2150E333-8FDC-42A3-9474-1A3956D46DE8}") = "Элементы решения", "Элементы решения", "{CBB98735-E33A-4E4B-A7E2-7F077DED3758}"
	ProjectSection(SolutionItems) = preProject
		task.txt = task.txt
	EndProjectSection
EndProject
Global
	GlobalSection(SolutionConfigurationPlatforms) = preSolution
		Debug|Any CPU = Debug|Any CPU
		Release|Any CPU = Release|Any CPU
	EndGlobalSection
	GlobalSection(ProjectConfigurationPlatforms) = postSolution
		{BFDA9EBA-13FB-4053-A02D-54EDF40D338E}.Debug|Any CPU.ActiveCfg = Debug|Any CPU
		{BFDA9EBA-13FB-4053-A02D-54EDF40D338E}.Debug|Any CPU.Build.0 = Debug|Any CPU
		{BFDA9EBA-13FB-4053-A02D-54EDF40D338E}.Release|Any CPU.ActiveCfg = Release|Any CPU
		{BFDA9EBA-13FB-4053-A02D-54EDF40D338E}.Release|Any CPU.Build.0 = Release|Any CPU
	EndGlobalSection
	GlobalSection(SolutionProperties) = preSolution
		HideSolutionNode = FALSE
	EndGlobalSection
	GlobalSection(ExtensibilityGlobals) = postSolution
		SolutionGuid = {BE20BA32-0530-4F2C-BA89-ED0772603886}
	EndGlobalSection
EndGlobal
